
Microsoft Visual Studio Solution File, Format Version 12.00
# Visual Studio Version 17
VisualStudioVersion = 17.2.32630.192
MinimumVisualStudioVersion = 10.0.40219.1
Project("{FAE04EC0-301F-11D3-BF4B-00C04F79EFBC}") = "MongoExample", "MongoExample\MongoExample.csproj", "{EB6E806B-278F-4590-94AC-7A15CE6BE788}"
EndProject
Project("{FAE04EC0-301F-11D3-BF4B-00C04F79EFBC}") = "MongoDbDriver", "MongoDbDriver\MongoDbDriver.csproj", "{D2658B00-0501-4301-AFB1-870629A36A2D}"
EndProject
Global
	GlobalSection(SolutionConfigurationPlatforms) = preSolution
		Debug|Any CPU = Debug|Any CPU
		Release|Any CPU = Release|Any CPU
	EndGlobalSection
	GlobalSection(ProjectConfigurationPlatforms) = postSolution
		{EB6E806B-278F-4590-94AC-7A15CE6BE788}.Debug|Any CPU.ActiveCfg = Debug|Any CPU
		{EB6E806B-278F-4590-94AC-7A15CE6BE788}.Debug|Any CPU.Build.0 = Debug|Any CPU
		{EB6E806B-278F-4590-94AC-7A15CE6BE788}.Release|Any CPU.ActiveCfg = Release|Any CPU
		{EB6E806B-278F-4590-94AC-7A15CE6BE788}.Release|Any CPU.Build.0 = Release|Any CPU
		{D2658B00-0501-4301-AFB1-870629A36A2D}.Debug|Any CPU.ActiveCfg = Debug|Any CPU
		{D2658B00-0501-4301-AFB1-870629A36A2D}.Debug|Any CPU.Build.0 = Debug|Any CPU
		{D2658B00-0501-4301-AFB1-870629A36A2D}.Release|Any CPU.ActiveCfg = Release|Any CPU
		{D2658B00-0501-4301-AFB1-870629A36A2D}.Release|Any CPU.Build.0 = Release|Any CPU
	EndGlobalSection
	GlobalSection(SolutionProperties) = preSolution
		HideSolutionNode = FALSE
	EndGlobalSection
	GlobalSection(ExtensibilityGlobals) = postSolution
		SolutionGuid = {D6855C17-D958-4446-BB03-96E3CD10E485}
	EndGlobalSection
EndGlobal
